{
    "_readme": [
        "This file locks the dependencies of your project to a known state",
        "Read more about it at https://getcomposer.org/doc/01-basic-usage.md#composer-lock-the-lock-file",
        "This file is @generated automatically"
    ],
    "hash": "e3a9086fb9874bde415115e88d70b507",
    "content-hash": "8e65f9579d238bf2ef2270f68060118f",
    "packages": [
        {
            "name": "monolog/monolog",
            "version": "1.18.1",
            "source": {
                "type": "git",
                "url": "https://github.com/Seldaek/monolog.git",
                "reference": "a5f2734e8c16f3aa21b3da09715d10e15b4d2d45"
            },
            "dist": {
                "type": "zip",
                "url": "https://api.github.com/repos/Seldaek/monolog/zipball/a5f2734e8c16f3aa21b3da09715d10e15b4d2d45",
                "reference": "a5f2734e8c16f3aa21b3da09715d10e15b4d2d45",
                "shasum": ""
            },
            "require": {
                "php": ">=5.3.0",
                "psr/log": "~1.0"
            },
            "provide": {
                "psr/log-implementation": "1.0.0"
            },
            "require-dev": {
                "aws/aws-sdk-php": "^2.4.9",
                "doctrine/couchdb": "~1.0@dev",
                "graylog2/gelf-php": "~1.0",
                "jakub-onderka/php-parallel-lint": "0.9",
                "php-console/php-console": "^3.1.3",
                "phpunit/phpunit": "~4.5",
                "phpunit/phpunit-mock-objects": "2.3.0",
                "raven/raven": "^0.13",
                "ruflin/elastica": ">=0.90 <3.0",
                "swiftmailer/swiftmailer": "~5.3",
                "videlalvaro/php-amqplib": "~2.4"
            },
            "suggest": {
                "aws/aws-sdk-php": "Allow sending log messages to AWS services like DynamoDB",
                "doctrine/couchdb": "Allow sending log messages to a CouchDB server",
                "ext-amqp": "Allow sending log messages to an AMQP server (1.0+ required)",
                "ext-mongo": "Allow sending log messages to a MongoDB server",
                "graylog2/gelf-php": "Allow sending log messages to a GrayLog2 server",
                "mongodb/mongodb": "Allow sending log messages to a MongoDB server via PHP Driver",
                "php-console/php-console": "Allow sending log messages to Google Chrome",
                "raven/raven": "Allow sending log messages to a Sentry server",
                "rollbar/rollbar": "Allow sending log messages to Rollbar",
                "ruflin/elastica": "Allow sending log messages to an Elastic Search server",
                "videlalvaro/php-amqplib": "Allow sending log messages to an AMQP server using php-amqplib"
            },
            "type": "library",
            "extra": {
                "branch-alias": {
                    "dev-master": "2.0.x-dev"
                }
            },
            "autoload": {
                "psr-4": {
                    "Monolog\\": "src/Monolog"
                }
            },
            "notification-url": "https://packagist.org/downloads/",
            "license": [
                "MIT"
            ],
            "authors": [
                {
                    "name": "Jordi Boggiano",
                    "email": "j.boggiano@seld.be",
                    "homepage": "http://seld.be"
                }
            ],
            "description": "Sends your logs to files, sockets, inboxes, databases and various web services",
            "homepage": "http://github.com/Seldaek/monolog",
            "keywords": [
                "log",
                "logging",
                "psr-3"
            ],
            "time": "2016-03-13 16:08:35"
        },
        {
            "name": "paragonie/random_compat",
            "version": "v2.0.1",
            "source": {
                "type": "git",
                "url": "https://github.com/paragonie/random_compat.git",
                "reference": "76e90f747b769b347fe584e8015a014549107d35"
            },
            "dist": {
                "type": "zip",
                "url": "https://api.github.com/repos/paragonie/random_compat/zipball/76e90f747b769b347fe584e8015a014549107d35",
                "reference": "76e90f747b769b347fe584e8015a014549107d35",
                "shasum": ""
            },
            "require": {
                "php": ">=5.2.0"
            },
            "require-dev": {
                "phpunit/phpunit": "4.*|5.*"
            },
            "suggest": {
                "ext-libsodium": "Provides a modern crypto API that can be used to generate random bytes."
            },
            "type": "library",
            "autoload": {
                "files": [
                    "lib/random.php"
                ]
            },
            "notification-url": "https://packagist.org/downloads/",
            "license": [
                "MIT"
            ],
            "authors": [
                {
                    "name": "Paragon Initiative Enterprises",
                    "email": "security@paragonie.com",
                    "homepage": "https://paragonie.com"
                }
            ],
            "description": "PHP 5.x polyfill for random_bytes() and random_int() from PHP 7",
            "keywords": [
                "csprng",
                "pseudorandom",
                "random"
            ],
            "time": "2016-03-18 20:36:13"
        },
        {
            "name": "psr/http-message",
            "version": "1.0",
            "source": {
                "type": "git",
                "url": "https://github.com/php-fig/http-message.git",
                "reference": "85d63699f0dbedb190bbd4b0d2b9dc707ea4c298"
            },
            "dist": {
                "type": "zip",
                "url": "https://api.github.com/repos/php-fig/http-message/zipball/85d63699f0dbedb190bbd4b0d2b9dc707ea4c298",
                "reference": "85d63699f0dbedb190bbd4b0d2b9dc707ea4c298",
                "shasum": ""
            },
            "require": {
                "php": ">=5.3.0"
            },
            "type": "library",
            "extra": {
                "branch-alias": {
                    "dev-master": "1.0.x-dev"
                }
            },
            "autoload": {
                "psr-4": {
                    "Psr\\Http\\Message\\": "src/"
                }
            },
            "notification-url": "https://packagist.org/downloads/",
            "license": [
                "MIT"
            ],
            "authors": [
                {
                    "name": "PHP-FIG",
                    "homepage": "http://www.php-fig.org/"
                }
            ],
            "description": "Common interface for HTTP messages",
            "keywords": [
                "http",
                "http-message",
                "psr",
                "psr-7",
                "request",
                "response"
            ],
            "time": "2015-05-04 20:22:00"
        },
        {
            "name": "psr/log",
            "version": "1.0.0",
            "source": {
                "type": "git",
                "url": "https://github.com/php-fig/log.git",
                "reference": "fe0936ee26643249e916849d48e3a51d5f5e278b"
            },
            "dist": {
                "type": "zip",
                "url": "https://api.github.com/repos/php-fig/log/zipball/fe0936ee26643249e916849d48e3a51d5f5e278b",
                "reference": "fe0936ee26643249e916849d48e3a51d5f5e278b",
                "shasum": ""
            },
            "type": "library",
            "autoload": {
                "psr-0": {
                    "Psr\\Log\\": ""
                }
            },
            "notification-url": "https://packagist.org/downloads/",
            "license": [
                "MIT"
            ],
            "authors": [
                {
                    "name": "PHP-FIG",
                    "homepage": "http://www.php-fig.org/"
                }
            ],
            "description": "Common interface for logging libraries",
            "keywords": [
                "log",
                "psr",
                "psr-3"
            ],
            "time": "2012-12-21 11:40:51"
        },
        {
            "name": "ramsey/uuid",
            "version": "dev-master",
            "source": {
                "type": "git",
                "url": "https://github.com/ramsey/uuid.git",
                "reference": "f75a9afda917e6de29e2e375811dc0f9404d8c5f"
            },
            "dist": {
                "type": "zip",
                "url": "https://api.github.com/repos/ramsey/uuid/zipball/f75a9afda917e6de29e2e375811dc0f9404d8c5f",
                "reference": "f75a9afda917e6de29e2e375811dc0f9404d8c5f",
                "shasum": ""
            },
            "require": {
                "paragonie/random_compat": "^1.0|^2.0",
                "php": ">=5.4"
            },
            "replace": {
                "rhumsaa/uuid": "self.version"
            },
            "require-dev": {
                "apigen/apigen": "^4.1",
                "codeception/aspect-mock": "1.0.0",
                "goaop/framework": "1.0.0-alpha.2",
                "ircmaxell/random-lib": "^1.1",
                "jakub-onderka/php-parallel-lint": "^0.9.0",
                "mockery/mockery": "^0.9.4",
                "moontoast/math": "^1.1",
                "phpunit/phpunit": "^4.7|^5.0",
                "satooshi/php-coveralls": "^0.6.1",
                "squizlabs/php_codesniffer": "^2.3"
            },
            "suggest": {
                "ext-libsodium": "Provides the PECL libsodium extension for use with the SodiumRandomGenerator",
                "ext-uuid": "Provides the PECL UUID extension for use with the PeclUuidTimeGenerator and PeclUuidRandomGenerator",
                "ircmaxell/random-lib": "Provides RandomLib for use with the RandomLibAdapter",
                "moontoast/math": "Provides support for converting UUID to 128-bit integer (in string form).",
                "ramsey/uuid-console": "A console application for generating UUIDs with ramsey/uuid",
                "ramsey/uuid-doctrine": "Allows the use of Ramsey\\Uuid\\Uuid as Doctrine field type."
            },
            "type": "library",
            "extra": {
                "branch-alias": {
                    "dev-master": "3.x-dev"
                }
            },
            "autoload": {
                "psr-4": {
                    "Ramsey\\Uuid\\": "src/"
                }
            },
            "notification-url": "https://packagist.org/downloads/",
            "license": [
                "MIT"
            ],
            "authors": [
                {
                    "name": "Marijn Huizendveld",
                    "email": "marijn.huizendveld@gmail.com"
                },
                {
                    "name": "Thibaud Fabre",
                    "email": "thibaud@aztech.io"
                },
                {
                    "name": "Ben Ramsey",
                    "email": "ben@benramsey.com",
                    "homepage": "https://benramsey.com"
                }
            ],
            "description": "Formerly rhumsaa/uuid. A PHP 5.4+ library for generating RFC 4122 version 1, 3, 4, and 5 universally unique identifiers (UUID).",
            "homepage": "https://github.com/ramsey/uuid",
            "keywords": [
                "guid",
                "identifier",
                "uuid"
            ],
            "time": "2016-03-30 00:15:16"
        },
        {
            "name": "vain/core",
            "version": "dev-master",
            "source": {
                "type": "git",
                "url": "https://github.com/allflame/vain-core.git",
                "reference": "2fec103baebeb88a7dd022193facd29145b44e32"
            },
            "dist": {
                "type": "zip",
                "url": "https://api.github.com/repos/allflame/vain-core/zipball/2fec103baebeb88a7dd022193facd29145b44e32",
                "reference": "2fec103baebeb88a7dd022193facd29145b44e32",
                "shasum": ""
            },
            "require": {
                "php": ">=5.6.0"
            },
            "type": "shared-package",
            "autoload": {
                "psr-0": {
                    "Vain\\Core\\": "src/"
                }
            },
            "authors": [
                {
                    "name": "Taras Girnyk",
                    "email": "le@mirohost.net",
                    "homepage": "https://github.com/allflame/vain-core",
                    "role": "Maintainer"
                }
            ],
            "support": {
                "source": "https://github.com/allflame/vain-core/tree/master",
                "issues": "https://github.com/allflame/vain-core/issues"
            },
            "time": "2016-03-31 06:59:47"
        },
        {
            "name": "vain/database",
            "version": "dev-master",
            "source": {
                "type": "git",
                "url": "https://github.com/allflame/vain-database.git",
                "reference": "6231256c8554c999e365d9638f0fd41538009ee1"
            },
            "dist": {
                "type": "zip",
                "url": "https://api.github.com/repos/allflame/vain-database/zipball/6231256c8554c999e365d9638f0fd41538009ee1",
                "reference": "6231256c8554c999e365d9638f0fd41538009ee1",
                "shasum": ""
            },
            "require": {
                "ext-pdo": "*",
                "php": ">=5.6.0",
                "vain/core": "dev-master"
            },
            "type": "shared-package",
            "autoload": {
                "psr-0": {
                    "Vain\\Database\\": "src/"
                }
            },
            "authors": [
                {
                    "name": "Taras Girnyk",
                    "email": "le@mirohost.net",
                    "homepage": "https://github.com/allflame/vain-database",
                    "role": "Maintainer"
                }
            ],
            "support": {
                "source": "https://github.com/allflame/vain-database/tree/master",
                "issues": "https://github.com/allflame/vain-database/issues"
            },
            "time": "2016-03-31 06:31:47"
        },
        {
            "name": "vain/http",
            "version": "dev-master",
            "source": {
                "type": "git",
                "url": "https://github.com/allflame/vain-http.git",
                "reference": "b083edafc9f487f5d47ccde599a46f95e31fc17d"
            },
            "dist": {
                "type": "zip",
                "url": "https://api.github.com/repos/allflame/vain-http/zipball/b083edafc9f487f5d47ccde599a46f95e31fc17d",
                "reference": "b083edafc9f487f5d47ccde599a46f95e31fc17d",
                "shasum": ""
            },
            "require": {
                "php": ">=5.6.0",
                "psr/http-message": "~1.0"
            },
            "suggest": {
                "symfony/http-foundation": "Symfony http-foundation package",
                "vain/phalcon-psr7": "PSR7 implementation for Phalcon"
            },
            "type": "shared-package",
            "autoload": {
                "psr-0": {
                    "Vain\\Http": "./src"
                }
            },
            "authors": [
                {
                    "name": "Taras Girnyk",
                    "email": "le@mirohost.net",
                    "homepage": "https://github.com/allflame/vain-http",
                    "role": "Maintainer"
                }
            ],
            "support": {
                "source": "https://github.com/allflame/vain-http/tree/master",
                "issues": "https://github.com/allflame/vain-http/issues"
            },
            "time": "2016-03-30 06:32:37"
        },
        {
            "name": "vain/id",
            "version": "dev-master",
            "source": {
                "type": "git",
                "url": "https://github.com/allflame/vain-id.git",
                "reference": "f59fef53a70615dde881ac62dea3b9145aa7015e"
            },
            "dist": {
                "type": "zip",
                "url": "https://api.github.com/repos/allflame/vain-id/zipball/f59fef53a70615dde881ac62dea3b9145aa7015e",
                "reference": "f59fef53a70615dde881ac62dea3b9145aa7015e",
                "shasum": ""
            },
            "require": {
                "ext-pdo": "*",
                "php": ">=5.6.0",
                "ramsey/uuid": "dev-master"
            },
            "type": "shared-package",
            "autoload": {
                "psr-0": {
                    "Vain\\Id\\": "src/"
                }
            },
            "authors": [
                {
                    "name": "Taras Girnyk",
                    "email": "le@mirohost.net",
                    "homepage": "https://github.com/allflame/vain-id",
                    "role": "Maintainer"
                }
            ],
            "support": {
                "source": "https://github.com/allflame/vain-id/tree/master",
                "issues": "https://github.com/allflame/vain-id/issues"
            },
            "time": "2016-03-31 07:16:07"
        },
        {
            "name": "vain/logger",
            "version": "dev-master",
            "source": {
                "type": "git",
                "url": "https://github.com/allflame/vain-logger.git",
                "reference": "dddf562afe2e4f808130b69d19e455d98db45d2b"
            },
            "dist": {
                "type": "zip",
                "url": "https://api.github.com/repos/allflame/vain-logger/zipball/dddf562afe2e4f808130b69d19e455d98db45d2b",
                "reference": "dddf562afe2e4f808130b69d19e455d98db45d2b",
                "shasum": ""
            },
            "require": {
                "monolog/monolog": "1.18.*",
                "php": ">=5.6.0",
                "vain/http": "dev-master"
            },
            "type": "shared-package",
            "autoload": {
                "psr-0": {
                    "Vain\\Logger\\": "src/"
                }
            },
            "authors": [
                {
                    "name": "Taras Girnyk",
                    "email": "le@mirohost.net",
                    "homepage": "https://github.com/allflame/vain-logger",
                    "role": "Maintainer"
                }
            ],
            "support": {
                "source": "https://github.com/allflame/vain-logger/tree/master",
                "issues": "https://github.com/allflame/vain-logger/issues"
            },
            "time": "2016-03-30 06:33:18"
        }
    ],
    "packages-dev": [],
    "aliases": [],
    "minimum-stability": "dev",
    "stability-flags": {
        "vain/id": 20,
        "vain/logger": 20,
        "vain/database": 20
    },
    "prefer-stable": true,
    "prefer-lowest": false,
    "platform": {
        "php": ">=5.6.0"
    },
    "platform-dev": []
}
